
Microsoft Visual Studio Solution File, Format Version 12.00
# Visual Studio 14
VisualStudioVersion = 14.0.24720.0
MinimumVisualStudioVersion = 10.0.40219.1
Project("{FAE04EC0-301F-11D3-BF4B-00C04F79EFBC}") = "Server", "Server\Server.csproj", "{68D41E28-731B-443F-88E8-F5A3D94CC6CF}"
	ProjectSection(ProjectDependencies) = postProject
		{CA943D3C-0983-409F-B42E-C6C19E45C032} = {CA943D3C-0983-409F-B42E-C6C19E45C032}
	EndProjectSection
EndProject
Project("{FAE04EC0-301F-11D3-BF4B-00C04F79EFBC}") = "cnslServer", "cnslServer\cnslServer.csproj", "{7C455127-BC54-497A-B613-46F4B08AAC17}"
	ProjectSection(ProjectDependencies) = postProject
		{68D41E28-731B-443F-88E8-F5A3D94CC6CF} = {68D41E28-731B-443F-88E8-F5A3D94CC6CF}
		{CA943D3C-0983-409F-B42E-C6C19E45C032} = {CA943D3C-0983-409F-B42E-C6C19E45C032}
	EndProjectSection
EndProject
Project("{FAE04EC0-301F-11D3-BF4B-00C04F79EFBC}") = "Library", "Library\Library.csproj", "{38F222FD-5844-4EF9-BBD7-3FC3FA1A3844}"
	ProjectSection(ProjectDependencies) = postProject
		{CA943D3C-0983-409F-B42E-C6C19E45C032} = {CA943D3C-0983-409F-B42E-C6C19E45C032}
	EndProjectSection
EndProject
Project("{FAE04EC0-301F-11D3-BF4B-00C04F79EFBC}") = "TcpMessage", "..\TcpMessage\TcpMessage\TcpMessage.csproj", "{CA943D3C-0983-409F-B42E-C6C19E45C032}"
EndProject
Global
	GlobalSection(SolutionConfigurationPlatforms) = preSolution
		Debug|Any CPU = Debug|Any CPU
		Release|Any CPU = Release|Any CPU
	EndGlobalSection
	GlobalSection(ProjectConfigurationPlatforms) = postSolution
		{68D41E28-731B-443F-88E8-F5A3D94CC6CF}.Debug|Any CPU.ActiveCfg = Debug|Any CPU
		{68D41E28-731B-443F-88E8-F5A3D94CC6CF}.Debug|Any CPU.Build.0 = Debug|Any CPU
		{68D41E28-731B-443F-88E8-F5A3D94CC6CF}.Release|Any CPU.ActiveCfg = Release|Any CPU
		{68D41E28-731B-443F-88E8-F5A3D94CC6CF}.Release|Any CPU.Build.0 = Release|Any CPU
		{7C455127-BC54-497A-B613-46F4B08AAC17}.Debug|Any CPU.ActiveCfg = Debug|Any CPU
		{7C455127-BC54-497A-B613-46F4B08AAC17}.Debug|Any CPU.Build.0 = Debug|Any CPU
		{7C455127-BC54-497A-B613-46F4B08AAC17}.Release|Any CPU.ActiveCfg = Release|Any CPU
		{7C455127-BC54-497A-B613-46F4B08AAC17}.Release|Any CPU.Build.0 = Release|Any CPU
		{38F222FD-5844-4EF9-BBD7-3FC3FA1A3844}.Debug|Any CPU.ActiveCfg = Debug|Any CPU
		{38F222FD-5844-4EF9-BBD7-3FC3FA1A3844}.Debug|Any CPU.Build.0 = Debug|Any CPU
		{38F222FD-5844-4EF9-BBD7-3FC3FA1A3844}.Release|Any CPU.ActiveCfg = Release|Any CPU
		{38F222FD-5844-4EF9-BBD7-3FC3FA1A3844}.Release|Any CPU.Build.0 = Release|Any CPU
		{CA943D3C-0983-409F-B42E-C6C19E45C032}.Debug|Any CPU.ActiveCfg = Debug|Any CPU
		{CA943D3C-0983-409F-B42E-C6C19E45C032}.Debug|Any CPU.Build.0 = Debug|Any CPU
		{CA943D3C-0983-409F-B42E-C6C19E45C032}.Release|Any CPU.ActiveCfg = Release|Any CPU
		{CA943D3C-0983-409F-B42E-C6C19E45C032}.Release|Any CPU.Build.0 = Release|Any CPU
	EndGlobalSection
	GlobalSection(SolutionProperties) = preSolution
		HideSolutionNode = FALSE
	EndGlobalSection
EndGlobal
